// !$*UTF8*$!
{
	archiveVersion = 1;
	classes = {
	};
	objectVersion = 50;
	objects = {

/* Begin PBXBuildFile section */
		EA6A7255288DF698008373D3 /* AppDelegate.swift in Sources */ = {isa = PBXBuildFile; fileRef = EA6A7254288DF698008373D3 /* AppDelegate.swift */; };
		EA6A7257288DF698008373D3 /* SceneDelegate.swift in Sources */ = {isa = PBXBuildFile; fileRef = EA6A7256288DF698008373D3 /* SceneDelegate.swift */; };
		EA6A7259288DF698008373D3 /* ViewController.swift in Sources */ = {isa = PBXBuildFile; fileRef = EA6A7258288DF698008373D3 /* ViewController.swift */; };
		EA6A725C288DF698008373D3 /* Main.storyboard in Resources */ = {isa = PBXBuildFile; fileRef = EA6A725A288DF698008373D3 /* Main.storyboard */; };
		EA6A725E288DF69A008373D3 /* Assets.xcassets in Resources */ = {isa = PBXBuildFile; fileRef = EA6A725D288DF69A008373D3 /* Assets.xcassets */; };
		EA6A7261288DF69A008373D3 /* LaunchScreen.storyboard in Resources */ = {isa = PBXBuildFile; fileRef = EA6A725F288DF69A008373D3 /* LaunchScreen.storyboard */; };
		EA6A726C288DF69A008373D3 /* PreworkTests.swift in Sources */ = {isa = PBXBuildFile; fileRef = EA6A726B288DF69A008373D3 /* PreworkTests.swift */; };
		EA6A7277288DF69A008373D3 /* PreworkUITests.swift in Sources */ = {isa = PBXBuildFile; fileRef = EA6A7276288DF69A008373D3 /* PreworkUITests.swift */; };
/* End PBXBuildFile section */

/* Begin PBXContainerItemProxy section */
		EA6A7268288DF69A008373D3 /* PBXContainerItemProxy */ = {
			isa = PBXContainerItemProxy;
			containerPortal = EA6A7249288DF698008373D3 /* Project object */;
			proxyType = 1;
			remoteGlobalIDString = EA6A7250288DF698008373D3;
			remoteInfo = Prework;
		};
		EA6A7273288DF69A008373D3 /* PBXContainerItemProxy */ = {
			isa = PBXContainerItemProxy;
			containerPortal = EA6A7249288DF698008373D3 /* Project object */;
			proxyType = 1;
			remoteGlobalIDString = EA6A7250288DF698008373D3;
			remoteInfo = Prework;
		};
/* End PBXContainerItemProxy section */

/* Begin PBXFileReference section */
		EA6A7251288DF698008373D3 /* Prework.app */ = {isa = PBXFileReference; explicitFileType = wrapper.application; includeInIndex = 0; path = Prework.app; sourceTree = BUILT_PRODUCTS_DIR; };
		EA6A7254288DF698008373D3 /* AppDelegate.swift */ = {isa = PBXFileReference; lastKnownFileType = sourcecode.swift; path = AppDelegate.swift; sourceTree = "<group>"; };
		EA6A7256288DF698008373D3 /* SceneDelegate.swift */ = {isa = PBXFileReference; lastKnownFileType = sourcecode.swift; path = SceneDelegate.swift; sourceTree = "<group>"; };
		EA6A7258288DF698008373D3 /* ViewController.swift */ = {isa = PBXFileReference; lastKnownFileType = sourcecode.swift; path = ViewController.swift; sourceTree = "<group>"; };
		EA6A725B288DF698008373D3 /* Base */ = {isa = PBXFileReference; lastKnownFileType = file.storyboard; name = Base; path = Base.lproj/Main.storyboard; sourceTree = "<group>"; };
		EA6A725D288DF69A008373D3 /* Assets.xcassets */ = {isa = PBXFileReference; lastKnownFileType = folder.assetcatalog; path = Assets.xcassets; sourceTree = "<group>"; };
		EA6A7260288DF69A008373D3 /* Base */ = {isa = PBXFileReference; lastKnownFileType = file.storyboard; name = Base; path = Base.lproj/LaunchScreen.storyboard; sourceTree = "<group>"; };
		EA6A7262288DF69A008373D3 /* Info.plist */ = {isa = PBXFileReference; lastKnownFileType = text.plist.xml; path = Info.plist; sourceTree = "<group>"; };
		EA6A7267288DF69A008373D3 /* PreworkTests.xctest */ = {isa = PBXFileReference; explicitFileType = wrapper.cfbundle; includeInIndex = 0; path = PreworkTests.xctest; sourceTree = BUILT_PRODUCTS_DIR; };
		EA6A726B288DF69A008373D3 /* PreworkTests.swift */ = {isa = PBXFileReference; lastKnownFileType = sourcecode.swift; path = PreworkTests.swift; sourceTree = "<group>"; };
		EA6A726D288DF69A008373D3 /* Info.plist */ = {isa = PBXFileReference; lastKnownFileType = text.plist.xml; path = Info.plist; sourceTree = "<group>"; };
		EA6A7272288DF69A008373D3 /* PreworkUITests.xctest */ = {isa = PBXFileReference; explicitFileType = wrapper.cfbundle; includeInIndex = 0; path = PreworkUITests.xctest; sourceTree = BUILT_PRODUCTS_DIR; };
		EA6A7276288DF69A008373D3 /* PreworkUITests.swift */ = {isa = PBXFileReference; lastKnownFileType = sourcecode.swift; path = PreworkUITests.swift; sourceTree = "<group>"; };
		EA6A7278288DF69A008373D3 /* Info.plist */ = {isa = PBXFileReference; lastKnownFileType = text.plist.xml; path = Info.plist; sourceTree = "<group>"; };
/* End PBXFileReference section */

/* Begin PBXFrameworksBuildPhase section */
		EA6A724E288DF698008373D3 /* Frameworks */ = {
			isa = PBXFrameworksBuildPhase;
			buildActionMask = 2147483647;
			files = (
			);
			runOnlyForDeploymentPostprocessing = 0;
		};
		EA6A7264288DF69A008373D3 /* Frameworks */ = {
			isa = PBXFrameworksBuildPhase;
			buildActionMask = 2147483647;
			files = (
			);
			runOnlyForDeploymentPostprocessing = 0;
		};
		EA6A726F288DF69A008373D3 /* Frameworks */ = {
			isa = PBXFrameworksBuildPhase;
			buildActionMask = 2147483647;
			files = (
			);
			runOnlyForDeploymentPostprocessing = 0;
		};
/* End PBXFrameworksBuildPhase section */

/* Begin PBXGroup section */
		EA6A7248288DF698008373D3 = {
			isa = PBXGroup;
			children = (
				EA6A7253288DF698008373D3 /* Prework */,
				EA6A726A288DF69A008373D3 /* PreworkTests */,
				EA6A7275288DF69A008373D3 /* PreworkUITests */,
				EA6A7252288DF698008373D3 /* Products */,
			);
			sourceTree = "<group>";
		};
		EA6A7252288DF698008373D3 /* Products */ = {
			isa = PBXGroup;
			children = (
				EA6A7251288DF698008373D3 /* Prework.app */,
				EA6A7267288DF69A008373D3 /* PreworkTests.xctest */,
				EA6A7272288DF69A008373D3 /* PreworkUITests.xctest */,
			);
			name = Products;
			sourceTree = "<group>";
		};
		EA6A7253288DF698008373D3 /* Prework */ = {
			isa = PBXGroup;
			children = (
				EA6A7254288DF698008373D3 /* AppDelegate.swift */,
				EA6A7256288DF698008373D3 /* SceneDelegate.swift */,
				EA6A7258288DF698008373D3 /* ViewController.swift */,
				EA6A725A288DF698008373D3 /* Main.storyboard */,
				EA6A725D288DF69A008373D3 /* Assets.xcassets */,
				EA6A725F288DF69A008373D3 /* LaunchScreen.storyboard */,
				EA6A7262288DF69A008373D3 /* Info.plist */,
			);
			path = Prework;
			sourceTree = "<group>";
		};
		EA6A726A288DF69A008373D3 /* PreworkTests */ = {
			isa = PBXGroup;
			children = (
				EA6A726B288DF69A008373D3 /* PreworkTests.swift */,
				EA6A726D288DF69A008373D3 /* Info.plist */,
			);
			path = PreworkTests;
			sourceTree = "<group>";
		};
		EA6A7275288DF69A008373D3 /* PreworkUITests */ = {
			isa = PBXGroup;
			children = (
				EA6A7276288DF69A008373D3 /* PreworkUITests.swift */,
				EA6A7278288DF69A008373D3 /* Info.plist */,
			);
			path = PreworkUITests;
			sourceTree = "<group>";
		};
/* End PBXGroup section */

/* Begin PBXNativeTarget section */
		EA6A7250288DF698008373D3 /* Prework */ = {
			isa = PBXNativeTarget;
			buildConfigurationList = EA6A727B288DF69A008373D3 /* Build configuration list for PBXNativeTarget "Prework" */;
			buildPhases = (
				EA6A724D288DF698008373D3 /* Sources */,
				EA6A724E288DF698008373D3 /* Frameworks */,
				EA6A724F288DF698008373D3 /* Resources */,
			);
			buildRules = (
			);
			dependencies = (
			);
			name = Prework;
			productName = Prework;
			productReference = EA6A7251288DF698008373D3 /* Prework.app */;
			productType = "com.apple.product-type.application";
		};
		EA6A7266288DF69A008373D3 /* PreworkTests */ = {
			isa = PBXNativeTarget;
			buildConfigurationList = EA6A727E288DF69A008373D3 /* Build configuration list for PBXNativeTarget "PreworkTests" */;
			buildPhases = (
				EA6A7263288DF69A008373D3 /* Sources */,
				EA6A7264288DF69A008373D3 /* Frameworks */,
				EA6A7265288DF69A008373D3 /* Resources */,
			);
			buildRules = (
			);
			dependencies = (
				EA6A7269288DF69A008373D3 /* PBXTargetDependency */,
			);
			name = PreworkTests;
			productName = PreworkTests;
			productReference = EA6A7267288DF69A008373D3 /* PreworkTests.xctest */;
			productType = "com.apple.product-type.bundle.unit-test";
		};
		EA6A7271288DF69A008373D3 /* PreworkUITests */ = {
			isa = PBXNativeTarget;
			buildConfigurationList = EA6A7281288DF69A008373D3 /* Build configuration list for PBXNativeTarget "PreworkUITests" */;
			buildPhases = (
				EA6A726E288DF69A008373D3 /* Sources */,
				EA6A726F288DF69A008373D3 /* Frameworks */,
				EA6A7270288DF69A008373D3 /* Resources */,
			);
			buildRules = (
			);
			dependencies = (
				EA6A7274288DF69A008373D3 /* PBXTargetDependency */,
			);
			name = PreworkUITests;
			productName = PreworkUITests;
			productReference = EA6A7272288DF69A008373D3 /* PreworkUITests.xctest */;
			productType = "com.apple.product-type.bundle.ui-testing";
		};
/* End PBXNativeTarget section */

/* Begin PBXProject section */
		EA6A7249288DF698008373D3 /* Project object */ = {
			isa = PBXProject;
			attributes = {
				LastSwiftUpdateCheck = 1250;
				LastUpgradeCheck = 1250;
				TargetAttributes = {
					EA6A7250288DF698008373D3 = {
						CreatedOnToolsVersion = 12.5.1;
					};
					EA6A7266288DF69A008373D3 = {
						CreatedOnToolsVersion = 12.5.1;
						TestTargetID = EA6A7250288DF698008373D3;
					};
					EA6A7271288DF69A008373D3 = {
						CreatedOnToolsVersion = 12.5.1;
						TestTargetID = EA6A7250288DF698008373D3;
					};
				};
			};
			buildConfigurationList = EA6A724C288DF698008373D3 /* Build configuration list for PBXProject "Prework" */;
			compatibilityVersion = "Xcode 9.3";
			developmentRegion = en;
			hasScannedForEncodings = 0;
			knownRegions = (
				en,
				Base,
			);
			mainGroup = EA6A7248288DF698008373D3;
			productRefGroup = EA6A7252288DF698008373D3 /* Products */;
			projectDirPath = "";
			projectRoot = "";
			targets = (
				EA6A7250288DF698008373D3 /* Prework */,
				EA6A7266288DF69A008373D3 /* PreworkTests */,
				EA6A7271288DF69A008373D3 /* PreworkUITests */,
			);
		};
/* End PBXProject section */

/* Begin PBXResourcesBuildPhase section */
		EA6A724F288DF698008373D3 /* Resources */ = {
			isa = PBXResourcesBuildPhase;
			buildActionMask = 2147483647;
			files = (
				EA6A7261288DF69A008373D3 /* LaunchScreen.storyboard in Resources */,
				EA6A725E288DF69A008373D3 /* Assets.xcassets in Resources */,
				EA6A725C288DF698008373D3 /* Main.storyboard in Resources */,
			);
			runOnlyForDeploymentPostprocessing = 0;
		};
		EA6A7265288DF69A008373D3 /* Resources */ = {
			isa = PBXResourcesBuildPhase;
			buildActionMask = 2147483647;
			files = (
			);
			runOnlyForDeploymentPostprocessing = 0;
		};
		EA6A7270288DF69A008373D3 /* Resources */ = {
			isa = PBXResourcesBuildPhase;
			buildActionMask = 2147483647;
			files = (
			);
			runOnlyForDeploymentPostprocessing = 0;
		};
/* End PBXResourcesBuildPhase section */

/* Begin PBXSourcesBuildPhase section */
		EA6A724D288DF698008373D3 /* Sources */ = {
			isa = PBXSourcesBuildPhase;
			buildActionMask = 2147483647;
			files = (
				EA6A7259288DF698008373D3 /* ViewController.swift in Sources */,
				EA6A7255288DF698008373D3 /* AppDelegate.swift in Sources */,
				EA6A7257288DF698008373D3 /* SceneDelegate.swift in Sources */,
			);
			runOnlyForDeploymentPostprocessing = 0;
		};
		EA6A7263288DF69A008373D3 /* Sources */ = {
			isa = PBXSourcesBuildPhase;
			buildActionMask = 2147483647;
			files = (
				EA6A726C288DF69A008373D3 /* PreworkTests.swift in Sources */,
			);
			runOnlyForDeploymentPostprocessing = 0;
		};
		EA6A726E288DF69A008373D3 /* Sources */ = {
			isa = PBXSourcesBuildPhase;
			buildActionMask = 2147483647;
			files = (
				EA6A7277288DF69A008373D3 /* PreworkUITests.swift in Sources */,
			);
			runOnlyForDeploymentPostprocessing = 0;
		};
/* End PBXSourcesBuildPhase section */

/* Begin PBXTargetDependency section */
		EA6A7269288DF69A008373D3 /* PBXTargetDependency */ = {
			isa = PBXTargetDependency;
			target = EA6A7250288DF698008373D3 /* Prework */;
			targetProxy = EA6A7268288DF69A008373D3 /* PBXContainerItemProxy */;
		};
		EA6A7274288DF69A008373D3 /* PBXTargetDependency */ = {
			isa = PBXTargetDependency;
			target = EA6A7250288DF698008373D3 /* Prework */;
			targetProxy = EA6A7273288DF69A008373D3 /* PBXContainerItemProxy */;
		};
/* End PBXTargetDependency section */

/* Begin PBXVariantGroup section */
		EA6A725A288DF698008373D3 /* Main.storyboard */ = {
			isa = PBXVariantGroup;
			children = (
				EA6A725B288DF698008373D3 /* Base */,
			);
			name = Main.storyboard;
			sourceTree = "<group>";
		};
		EA6A725F288DF69A008373D3 /* LaunchScreen.storyboard */ = {
			isa = PBXVariantGroup;
			children = (
				EA6A7260288DF69A008373D3 /* Base */,
			);
			name = LaunchScreen.storyboard;
			sourceTree = "<group>";
		};
/* End PBXVariantGroup section */

/* Begin XCBuildConfiguration section */
		EA6A7279288DF69A008373D3 /* Debug */ = {
			isa = XCBuildConfiguration;
			buildSettings = {
				ALWAYS_SEARCH_USER_PATHS = NO;
				CLANG_ANALYZER_NONNULL = YES;
				CLANG_ANALYZER_NUMBER_OBJECT_CONVERSION = YES_AGGRESSIVE;
				CLANG_CXX_LANGUAGE_STANDARD = "gnu++14";
				CLANG_CXX_LIBRARY = "libc++";
				CLANG_ENABLE_MODULES = YES;
				CLANG_ENABLE_OBJC_ARC = YES;
				CLANG_ENABLE_OBJC_WEAK = YES;
				CLANG_WARN_BLOCK_CAPTURE_AUTORELEASING = YES;
				CLANG_WARN_BOOL_CONVERSION = YES;
				CLANG_WARN_COMMA = YES;
				CLANG_WARN_CONSTANT_CONVERSION = YES;
				CLANG_WARN_DEPRECATED_OBJC_IMPLEMENTATIONS = YES;
				CLANG_WARN_DIRECT_OBJC_ISA_USAGE = YES_ERROR;
				CLANG_WARN_DOCUMENTATION_COMMENTS = YES;
				CLANG_WARN_EMPTY_BODY = YES;
				CLANG_WARN_ENUM_CONVERSION = YES;
				CLANG_WARN_INFINITE_RECURSION = YES;
				CLANG_WARN_INT_CONVERSION = YES;
				CLANG_WARN_NON_LITERAL_NULL_CONVERSION = YES;
				CLANG_WARN_OBJC_IMPLICIT_RETAIN_SELF = YES;
				CLANG_WARN_OBJC_LITERAL_CONVERSION = YES;
				CLANG_WARN_OBJC_ROOT_CLASS = YES_ERROR;
				CLANG_WARN_QUOTED_INCLUDE_IN_FRAMEWORK_HEADER = YES;
				CLANG_WARN_RANGE_LOOP_ANALYSIS = YES;
				CLANG_WARN_STRICT_PROTOTYPES = YES;
				CLANG_WARN_SUSPICIOUS_MOVE = YES;
				CLANG_WARN_UNGUARDED_AVAILABILITY = YES_AGGRESSIVE;
				CLANG_WARN_UNREACHABLE_CODE = YES;
				CLANG_WARN__DUPLICATE_METHOD_MATCH = YES;
				COPY_PHASE_STRIP = NO;
				DEBUG_INFORMATION_FORMAT = dwarf;
				ENABLE_STRICT_OBJC_MSGSEND = YES;
				ENABLE_TESTABILITY = YES;
				GCC_C_LANGUAGE_STANDARD = gnu11;
				GCC_DYNAMIC_NO_PIC = NO;
				GCC_NO_COMMON_BLOCKS = YES;
				GCC_OPTIMIZATION_LEVEL = 0;
				GCC_PREPROCESSOR_DEFINITIONS = (
					"DEBUG=1",
					"$(inherited)",
				);
				GCC_WARN_64_TO_32_BIT_CONVERSION = YES;
				GCC_WARN_ABOUT_RETURN_TYPE = YES_ERROR;
				GCC_WARN_UNDECLARED_SELECTOR = YES;
				GCC_WARN_UNINITIALIZED_AUTOS = YES_AGGRESSIVE;
				GCC_WARN_UNUSED_FUNCTION = YES;
				GCC_WARN_UNUSED_VARIABLE = YES;
				IPHONEOS_DEPLOYMENT_TARGET = 14.5;
				MTL_ENABLE_DEBUG_INFO = INCLUDE_SOURCE;
				MTL_FAST_MATH = YES;
				ONLY_ACTIVE_ARCH = YES;
				SDKROOT = iphoneos;
				SWIFT_ACTIVE_COMPILATION_CONDITIONS = DEBUG;
				SWIFT_OPTIMIZATION_LEVEL = "-Onone";
			};
			name = Debug;
		};
		EA6A727A288DF69A008373D3 /* Release */ = {
			isa = XCBuildConfiguration;
			buildSettings = {
				ALWAYS_SEARCH_USER_PATHS = NO;
				CLANG_ANALYZER_NONNULL = YES;
				CLANG_ANALYZER_NUMBER_OBJECT_CONVERSION = YES_AGGRESSIVE;
				CLANG_CXX_LANGUAGE_STANDARD = "gnu++14";
				CLANG_CXX_LIBRARY = "libc++";
				CLANG_ENABLE_MODULES = YES;
				CLANG_ENABLE_OBJC_ARC = YES;
				CLANG_ENABLE_OBJC_WEAK = YES;
				CLANG_WARN_BLOCK_CAPTURE_AUTORELEASING = YES;
				CLANG_WARN_BOOL_CONVERSION = YES;
				CLANG_WARN_COMMA = YES;
				CLANG_WARN_CONSTANT_CONVERSION = YES;
				CLANG_WARN_DEPRECATED_OBJC_IMPLEMENTATIONS = YES;
				CLANG_WARN_DIRECT_OBJC_ISA_USAGE = YES_ERROR;
				CLANG_WARN_DOCUMENTATION_COMMENTS = YES;
				CLANG_WARN_EMPTY_BODY = YES;
				CLANG_WARN_ENUM_CONVERSION = YES;
				CLANG_WARN_INFINITE_RECURSION = YES;
				CLANG_WARN_INT_CONVERSION = YES;
				CLANG_WARN_NON_LITERAL_NULL_CONVERSION = YES;
				CLANG_WARN_OBJC_IMPLICIT_RETAIN_SELF = YES;
				CLANG_WARN_OBJC_LITERAL_CONVERSION = YES;
				CLANG_WARN_OBJC_ROOT_CLASS = YES_ERROR;
				CLANG_WARN_QUOTED_INCLUDE_IN_FRAMEWORK_HEADER = YES;
				CLANG_WARN_RANGE_LOOP_ANALYSIS = YES;
				CLANG_WARN_STRICT_PROTOTYPES = YES;
				CLANG_WARN_SUSPICIOUS_MOVE = YES;
				CLANG_WARN_UNGUARDED_AVAILABILITY = YES_AGGRESSIVE;
				CLANG_WARN_UNREACHABLE_CODE = YES;
				CLANG_WARN__DUPLICATE_METHOD_MATCH = YES;
				COPY_PHASE_STRIP = NO;
				DEBUG_INFORMATION_FORMAT = "dwarf-with-dsym";
				ENABLE_NS_ASSERTIONS = NO;
				ENABLE_STRICT_OBJC_MSGSEND = YES;
				GCC_C_LANGUAGE_STANDARD = gnu11;
				GCC_NO_COMMON_BLOCKS = YES;
				GCC_WARN_64_TO_32_BIT_CONVERSION = YES;
				GCC_WARN_ABOUT_RETURN_TYPE = YES_ERROR;
				GCC_WARN_UNDECLARED_SELECTOR = YES;
				GCC_WARN_UNINITIALIZED_AUTOS = YES_AGGRESSIVE;
				GCC_WARN_UNUSED_FUNCTION = YES;
				GCC_WARN_UNUSED_VARIABLE = YES;
				IPHONEOS_DEPLOYMENT_TARGET = 14.5;
				MTL_ENABLE_DEBUG_INFO = NO;
				MTL_FAST_MATH = YES;
				SDKROOT = iphoneos;
				SWIFT_COMPILATION_MODE = wholemodule;
				SWIFT_OPTIMIZATION_LEVEL = "-O";
				VALIDATE_PRODUCT = YES;
			};
			name = Release;
		};
		EA6A727C288DF69A008373D3 /* Debug */ = {
			isa = XCBuildConfiguration;
			buildSettings = {
				ASSETCATALOG_COMPILER_APPICON_NAME = AppIcon;
				ASSETCATALOG_COMPILER_GLOBAL_ACCENT_COLOR_NAME = AccentColor;
				CODE_SIGN_STYLE = Automatic;
				INFOPLIST_FILE = Prework/Info.plist;
				LD_RUNPATH_SEARCH_PATHS = (
					"$(inherited)",
					"@executable_path/Frameworks",
				);
				PRODUCT_BUNDLE_IDENTIFIER = a.Prework;
				PRODUCT_NAME = "$(TARGET_NAME)";
				SWIFT_VERSION = 5.0;
				TARGETED_DEVICE_FAMILY = "1,2";
			};
			name = Debug;
		};
		EA6A727D288DF69A008373D3 /* Release */ = {
			isa = XCBuildConfiguration;
			buildSettings = {
				ASSETCATALOG_COMPILER_APPICON_NAME = AppIcon;
				ASSETCATALOG_COMPILER_GLOBAL_ACCENT_COLOR_NAME = AccentColor;
				CODE_SIGN_STYLE = Automatic;
				INFOPLIST_FILE = Prework/Info.plist;
				LD_RUNPATH_SEARCH_PATHS = (
					"$(inherited)",
					"@executable_path/Frameworks",
				);
				PRODUCT_BUNDLE_IDENTIFIER = a.Prework;
				PRODUCT_NAME = "$(TARGET_NAME)";
				SWIFT_VERSION = 5.0;
				TARGETED_DEVICE_FAMILY = "1,2";
			};
			name = Release;
		};
		EA6A727F288DF69A008373D3 /* Debug */ = {
			isa = XCBuildConfiguration;
			buildSettings = {
				ALWAYS_EMBED_SWIFT_STANDARD_LIBRARIES = YES;
				BUNDLE_LOADER = "$(TEST_HOST)";
				CODE_SIGN_STYLE = Automatic;
				INFOPLIST_FILE = PreworkTests/Info.plist;
				IPHONEOS_DEPLOYMENT_TARGET = 14.5;
				LD_RUNPATH_SEARCH_PATHS = (
					"$(inherited)",
					"@executable_path/Frameworks",
					"@loader_path/Frameworks",
				);
				PRODUCT_BUNDLE_IDENTIFIER = a.PreworkTests;
				PRODUCT_NAME = "$(TARGET_NAME)";
				SWIFT_VERSION = 5.0;
				TARGETED_DEVICE_FAMILY = "1,2";
				TEST_HOST = "$(BUILT_PRODUCTS_DIR)/Prework.app/Prework";
			};
			name = Debug;
		};
		EA6A7280288DF69A008373D3 /* Release */ = {
			isa = XCBuildConfiguration;
			buildSettings = {
				ALWAYS_EMBED_SWIFT_STANDARD_LIBRARIES = YES;
				BUNDLE_LOADER = "$(TEST_HOST)";
				CODE_SIGN_STYLE = Automatic;
				INFOPLIST_FILE = PreworkTests/Info.plist;
				IPHONEOS_DEPLOYMENT_TARGET = 14.5;
				LD_RUNPATH_SEARCH_PATHS = (
					"$(inherited)",
					"@executable_path/Frameworks",
					"@loader_path/Frameworks",
				);
				PRODUCT_BUNDLE_IDENTIFIER = a.PreworkTests;
				PRODUCT_NAME = "$(TARGET_NAME)";
				SWIFT_VERSION = 5.0;
				TARGETED_DEVICE_FAMILY = "1,2";
				TEST_HOST = "$(BUILT_PRODUCTS_DIR)/Prework.app/Prework";
			};
			name = Release;
		};
		EA6A7282288DF69A008373D3 /* Debug */ = {
			isa = XCBuildConfiguration;
			buildSettings = {
				ALWAYS_EMBED_SWIFT_STANDARD_LIBRARIES = YES;
				CODE_SIGN_STYLE = Automatic;
				INFOPLIST_FILE = PreworkUITests/Info.plist;
				LD_RUNPATH_SEARCH_PATHS = (
					"$(inherited)",
					"@executable_path/Frameworks",
					"@loader_path/Frameworks",
				);
				PRODUCT_BUNDLE_IDENTIFIER = a.PreworkUITests;
				PRODUCT_NAME = "$(TARGET_NAME)";
				SWIFT_VERSION = 5.0;
				TARGETED_DEVICE_FAMILY = "1,2";
				TEST_TARGET_NAME = Prework;
			};
			name = Debug;
		};
		EA6A7283288DF69A008373D3 /* Release */ = {
			isa = XCBuildConfiguration;
			buildSettings = {
				ALWAYS_EMBED_SWIFT_STANDARD_LIBRARIES = YES;
				CODE_SIGN_STYLE = Automatic;
				INFOPLIST_FILE = PreworkUITests/Info.plist;
				LD_RUNPATH_SEARCH_PATHS = (
					"$(inherited)",
					"@executable_path/Frameworks",
					"@loader_path/Frameworks",
				);
				PRODUCT_BUNDLE_IDENTIFIER = a.PreworkUITests;
				PRODUCT_NAME = "$(TARGET_NAME)";
				SWIFT_VERSION = 5.0;
				TARGETED_DEVICE_FAMILY = "1,2";
				TEST_TARGET_NAME = Prework;
			};
			name = Release;
		};
/* End XCBuildConfiguration section */

/* Begin XCConfigurationList section */
		EA6A724C288DF698008373D3 /* Build configuration list for PBXProject "Prework" */ = {
			isa = XCConfigurationList;
			buildConfigurations = (
				EA6A7279288DF69A008373D3 /* Debug */,
				EA6A727A288DF69A008373D3 /* Release */,
			);
			defaultConfigurationIsVisible = 0;
			defaultConfigurationName = Release;
		};
		EA6A727B288DF69A008373D3 /* Build configuration list for PBXNativeTarget "Prework" */ = {
			isa = XCConfigurationList;
			buildConfigurations = (
				EA6A727C288DF69A008373D3 /* Debug */,
				EA6A727D288DF69A008373D3 /* Release */,
			);
			defaultConfigurationIsVisible = 0;
			defaultConfigurationName = Release;
		};
		EA6A727E288DF69A008373D3 /* Build configuration list for PBXNativeTarget "PreworkTests" */ = {
			isa = XCConfigurationList;
			buildConfigurations = (
				EA6A727F288DF69A008373D3 /* Debug */,
				EA6A7280288DF69A008373D3 /* Release */,
			);
			defaultConfigurationIsVisible = 0;
			defaultConfigurationName = Release;
		};
		EA6A7281288DF69A008373D3 /* Build configuration list for PBXNativeTarget "PreworkUITests" */ = {
			isa = XCConfigurationList;
			buildConfigurations = (
				EA6A7282288DF69A008373D3 /* Debug */,
				EA6A7283288DF69A008373D3 /* Release */,
			);
			defaultConfigurationIsVisible = 0;
			defaultConfigurationName = Release;
		};
/* End XCConfigurationList section */
	};
	rootObject = EA6A7249288DF698008373D3 /* Project object */;
}
